
Microsoft Visual Studio Solution File, Format Version 12.00
# Visual Studio Version 16
VisualStudioVersion = 16.0.29911.84
MinimumVisualStudioVersion = 15.0.26124.0
Project("{9A19103F-16F7-4668-BE54-9A1E7A4F7556}") = "EmptyDll", "EmptyDll\EmptyDll.csproj", "{A5BF054D-363E-47AD-B553-9DC4914E0098}"
EndProject
Project("{9A19103F-16F7-4668-BE54-9A1E7A4F7556}") = "EmptyExe", "EmptyExe\EmptyExe.csproj", "{AAD1FDB4-6331-4840-BA8B-C97A0AA5EB87}"
EndProject
Project("{9A19103F-16F7-4668-BE54-9A1E7A4F7556}") = "TypeRefTests", "metadata\tables\TypeRefTests\TypeRefTests.csproj", "{98A073D0-9011-46F5-B435-93747F021725}"
EndProject
Project("{9A19103F-16F7-4668-BE54-9A1E7A4F7556}") = "TypeDefTests", "metadata\tables\TypeDefTests\TypeDefTests.csproj", "{5BAD5214-DF3F-4503-8BA7-891FCE2E2201}"
EndProject
Project("{9A19103F-16F7-4668-BE54-9A1E7A4F7556}") = "FieldTests", "metadata\tables\FieldTests\FieldTests.csproj", "{6CD7F916-B9F7-4D85-9FED-EE3C25AF6B1C}"
EndProject
Project("{9A19103F-16F7-4668-BE54-9A1E7A4F7556}") = "FieldSigTests", "metadata\blob\FieldSigTests\FieldSigTests.csproj", "{117916EE-783E-4C49-AC31-77351C4C8A7D}"
EndProject
Project("{9A19103F-16F7-4668-BE54-9A1E7A4F7556}") = "MethodDefTests", "metadata\tables\MethodDefTests\MethodDefTests.csproj", "{464D6C84-3DD8-4AEC-ACDB-C7682D700071}"
EndProject
Project("{9A19103F-16F7-4668-BE54-9A1E7A4F7556}") = "TestProgram", "TestProgram\TestProgram.csproj", "{2D608A6D-DC6E-47B8-A38E-3B56AD19B753}"
EndProject
Project("{FAE04EC0-301F-11D3-BF4B-00C04F79EFBC}") = "ParamTests", "metadata\tables\ParamTests\ParamTests.csproj", "{C2535711-D02B-4AF4-95E6-9B8B131213BC}"
EndProject
Project("{FAE04EC0-301F-11D3-BF4B-00C04F79EFBC}") = "InterfaceImplTests", "metadata\tables\InterfaceImplTests\InterfaceImplTests.csproj", "{A19F2F64-9919-4DF2-A265-C492C1616173}"
EndProject
Global
	GlobalSection(SolutionConfigurationPlatforms) = preSolution
		Debug|Any CPU = Debug|Any CPU
		Debug|x64 = Debug|x64
		Debug|x86 = Debug|x86
		Release|Any CPU = Release|Any CPU
		Release|x64 = Release|x64
		Release|x86 = Release|x86
	EndGlobalSection
	GlobalSection(ProjectConfigurationPlatforms) = postSolution
		{A5BF054D-363E-47AD-B553-9DC4914E0098}.Debug|Any CPU.ActiveCfg = Debug|Any CPU
		{A5BF054D-363E-47AD-B553-9DC4914E0098}.Debug|Any CPU.Build.0 = Debug|Any CPU
		{A5BF054D-363E-47AD-B553-9DC4914E0098}.Debug|x64.ActiveCfg = Debug|Any CPU
		{A5BF054D-363E-47AD-B553-9DC4914E0098}.Debug|x64.Build.0 = Debug|Any CPU
		{A5BF054D-363E-47AD-B553-9DC4914E0098}.Debug|x86.ActiveCfg = Debug|Any CPU
		{A5BF054D-363E-47AD-B553-9DC4914E0098}.Debug|x86.Build.0 = Debug|Any CPU
		{A5BF054D-363E-47AD-B553-9DC4914E0098}.Release|Any CPU.ActiveCfg = Release|Any CPU
		{A5BF054D-363E-47AD-B553-9DC4914E0098}.Release|Any CPU.Build.0 = Release|Any CPU
		{A5BF054D-363E-47AD-B553-9DC4914E0098}.Release|x64.ActiveCfg = Release|Any CPU
		{A5BF054D-363E-47AD-B553-9DC4914E0098}.Release|x64.Build.0 = Release|Any CPU
		{A5BF054D-363E-47AD-B553-9DC4914E0098}.Release|x86.ActiveCfg = Release|Any CPU
		{A5BF054D-363E-47AD-B553-9DC4914E0098}.Release|x86.Build.0 = Release|Any CPU
		{AAD1FDB4-6331-4840-BA8B-C97A0AA5EB87}.Debug|Any CPU.ActiveCfg = Debug|Any CPU
		{AAD1FDB4-6331-4840-BA8B-C97A0AA5EB87}.Debug|Any CPU.Build.0 = Debug|Any CPU
		{AAD1FDB4-6331-4840-BA8B-C97A0AA5EB87}.Debug|x64.ActiveCfg = Debug|Any CPU
		{AAD1FDB4-6331-4840-BA8B-C97A0AA5EB87}.Debug|x64.Build.0 = Debug|Any CPU
		{AAD1FDB4-6331-4840-BA8B-C97A0AA5EB87}.Debug|x86.ActiveCfg = Debug|Any CPU
		{AAD1FDB4-6331-4840-BA8B-C97A0AA5EB87}.Debug|x86.Build.0 = Debug|Any CPU
		{AAD1FDB4-6331-4840-BA8B-C97A0AA5EB87}.Release|Any CPU.ActiveCfg = Release|Any CPU
		{AAD1FDB4-6331-4840-BA8B-C97A0AA5EB87}.Release|Any CPU.Build.0 = Release|Any CPU
		{AAD1FDB4-6331-4840-BA8B-C97A0AA5EB87}.Release|x64.ActiveCfg = Release|Any CPU
		{AAD1FDB4-6331-4840-BA8B-C97A0AA5EB87}.Release|x64.Build.0 = Release|Any CPU
		{AAD1FDB4-6331-4840-BA8B-C97A0AA5EB87}.Release|x86.ActiveCfg = Release|Any CPU
		{AAD1FDB4-6331-4840-BA8B-C97A0AA5EB87}.Release|x86.Build.0 = Release|Any CPU
		{98A073D0-9011-46F5-B435-93747F021725}.Debug|Any CPU.ActiveCfg = Debug|Any CPU
		{98A073D0-9011-46F5-B435-93747F021725}.Debug|Any CPU.Build.0 = Debug|Any CPU
		{98A073D0-9011-46F5-B435-93747F021725}.Debug|x64.ActiveCfg = Debug|Any CPU
		{98A073D0-9011-46F5-B435-93747F021725}.Debug|x64.Build.0 = Debug|Any CPU
		{98A073D0-9011-46F5-B435-93747F021725}.Debug|x86.ActiveCfg = Debug|Any CPU
		{98A073D0-9011-46F5-B435-93747F021725}.Debug|x86.Build.0 = Debug|Any CPU
		{98A073D0-9011-46F5-B435-93747F021725}.Release|Any CPU.ActiveCfg = Release|Any CPU
		{98A073D0-9011-46F5-B435-93747F021725}.Release|Any CPU.Build.0 = Release|Any CPU
		{98A073D0-9011-46F5-B435-93747F021725}.Release|x64.ActiveCfg = Release|Any CPU
		{98A073D0-9011-46F5-B435-93747F021725}.Release|x64.Build.0 = Release|Any CPU
		{98A073D0-9011-46F5-B435-93747F021725}.Release|x86.ActiveCfg = Release|Any CPU
		{98A073D0-9011-46F5-B435-93747F021725}.Release|x86.Build.0 = Release|Any CPU
		{5BAD5214-DF3F-4503-8BA7-891FCE2E2201}.Debug|Any CPU.ActiveCfg = Debug|Any CPU
		{5BAD5214-DF3F-4503-8BA7-891FCE2E2201}.Debug|Any CPU.Build.0 = Debug|Any CPU
		{5BAD5214-DF3F-4503-8BA7-891FCE2E2201}.Debug|x64.ActiveCfg = Debug|Any CPU
		{5BAD5214-DF3F-4503-8BA7-891FCE2E2201}.Debug|x64.Build.0 = Debug|Any CPU
		{5BAD5214-DF3F-4503-8BA7-891FCE2E2201}.Debug|x86.ActiveCfg = Debug|Any CPU
		{5BAD5214-DF3F-4503-8BA7-891FCE2E2201}.Debug|x86.Build.0 = Debug|Any CPU
		{5BAD5214-DF3F-4503-8BA7-891FCE2E2201}.Release|Any CPU.ActiveCfg = Release|Any CPU
		{5BAD5214-DF3F-4503-8BA7-891FCE2E2201}.Release|Any CPU.Build.0 = Release|Any CPU
		{5BAD5214-DF3F-4503-8BA7-891FCE2E2201}.Release|x64.ActiveCfg = Release|Any CPU
		{5BAD5214-DF3F-4503-8BA7-891FCE2E2201}.Release|x64.Build.0 = Release|Any CPU
		{5BAD5214-DF3F-4503-8BA7-891FCE2E2201}.Release|x86.ActiveCfg = Release|Any CPU
		{5BAD5214-DF3F-4503-8BA7-891FCE2E2201}.Release|x86.Build.0 = Release|Any CPU
		{6CD7F916-B9F7-4D85-9FED-EE3C25AF6B1C}.Debug|Any CPU.ActiveCfg = Debug|Any CPU
		{6CD7F916-B9F7-4D85-9FED-EE3C25AF6B1C}.Debug|Any CPU.Build.0 = Debug|Any CPU
		{6CD7F916-B9F7-4D85-9FED-EE3C25AF6B1C}.Debug|x64.ActiveCfg = Debug|Any CPU
		{6CD7F916-B9F7-4D85-9FED-EE3C25AF6B1C}.Debug|x64.Build.0 = Debug|Any CPU
		{6CD7F916-B9F7-4D85-9FED-EE3C25AF6B1C}.Debug|x86.ActiveCfg = Debug|Any CPU
		{6CD7F916-B9F7-4D85-9FED-EE3C25AF6B1C}.Debug|x86.Build.0 = Debug|Any CPU
		{6CD7F916-B9F7-4D85-9FED-EE3C25AF6B1C}.Release|Any CPU.ActiveCfg = Release|Any CPU
		{6CD7F916-B9F7-4D85-9FED-EE3C25AF6B1C}.Release|Any CPU.Build.0 = Release|Any CPU
		{6CD7F916-B9F7-4D85-9FED-EE3C25AF6B1C}.Release|x64.ActiveCfg = Release|Any CPU
		{6CD7F916-B9F7-4D85-9FED-EE3C25AF6B1C}.Release|x64.Build.0 = Release|Any CPU
		{6CD7F916-B9F7-4D85-9FED-EE3C25AF6B1C}.Release|x86.ActiveCfg = Release|Any CPU
		{6CD7F916-B9F7-4D85-9FED-EE3C25AF6B1C}.Release|x86.Build.0 = Release|Any CPU
		{117916EE-783E-4C49-AC31-77351C4C8A7D}.Debug|Any CPU.ActiveCfg = Debug|Any CPU
		{117916EE-783E-4C49-AC31-77351C4C8A7D}.Debug|Any CPU.Build.0 = Debug|Any CPU
		{117916EE-783E-4C49-AC31-77351C4C8A7D}.Debug|x64.ActiveCfg = Debug|Any CPU
		{117916EE-783E-4C49-AC31-77351C4C8A7D}.Debug|x64.Build.0 = Debug|Any CPU
		{117916EE-783E-4C49-AC31-77351C4C8A7D}.Debug|x86.ActiveCfg = Debug|Any CPU
		{117916EE-783E-4C49-AC31-77351C4C8A7D}.Debug|x86.Build.0 = Debug|Any CPU
		{117916EE-783E-4C49-AC31-77351C4C8A7D}.Release|Any CPU.ActiveCfg = Release|Any CPU
		{117916EE-783E-4C49-AC31-77351C4C8A7D}.Release|Any CPU.Build.0 = Release|Any CPU
		{117916EE-783E-4C49-AC31-77351C4C8A7D}.Release|x64.ActiveCfg = Release|Any CPU
		{117916EE-783E-4C49-AC31-77351C4C8A7D}.Release|x64.Build.0 = Release|Any CPU
		{117916EE-783E-4C49-AC31-77351C4C8A7D}.Release|x86.ActiveCfg = Release|Any CPU
		{117916EE-783E-4C49-AC31-77351C4C8A7D}.Release|x86.Build.0 = Release|Any CPU
		{464D6C84-3DD8-4AEC-ACDB-C7682D700071}.Debug|Any CPU.ActiveCfg = Debug|Any CPU
		{464D6C84-3DD8-4AEC-ACDB-C7682D700071}.Debug|Any CPU.Build.0 = Debug|Any CPU
		{464D6C84-3DD8-4AEC-ACDB-C7682D700071}.Debug|x64.ActiveCfg = Debug|Any CPU
		{464D6C84-3DD8-4AEC-ACDB-C7682D700071}.Debug|x64.Build.0 = Debug|Any CPU
		{464D6C84-3DD8-4AEC-ACDB-C7682D700071}.Debug|x86.ActiveCfg = Debug|Any CPU
		{464D6C84-3DD8-4AEC-ACDB-C7682D700071}.Debug|x86.Build.0 = Debug|Any CPU
		{464D6C84-3DD8-4AEC-ACDB-C7682D700071}.Release|Any CPU.ActiveCfg = Release|Any CPU
		{464D6C84-3DD8-4AEC-ACDB-C7682D700071}.Release|Any CPU.Build.0 = Release|Any CPU
		{464D6C84-3DD8-4AEC-ACDB-C7682D700071}.Release|x64.ActiveCfg = Release|Any CPU
		{464D6C84-3DD8-4AEC-ACDB-C7682D700071}.Release|x64.Build.0 = Release|Any CPU
		{464D6C84-3DD8-4AEC-ACDB-C7682D700071}.Release|x86.ActiveCfg = Release|Any CPU
		{464D6C84-3DD8-4AEC-ACDB-C7682D700071}.Release|x86.Build.0 = Release|Any CPU
		{2D608A6D-DC6E-47B8-A38E-3B56AD19B753}.Debug|Any CPU.ActiveCfg = Debug|Any CPU
		{2D608A6D-DC6E-47B8-A38E-3B56AD19B753}.Debug|Any CPU.Build.0 = Debug|Any CPU
		{2D608A6D-DC6E-47B8-A38E-3B56AD19B753}.Debug|x64.ActiveCfg = Debug|Any CPU
		{2D608A6D-DC6E-47B8-A38E-3B56AD19B753}.Debug|x64.Build.0 = Debug|Any CPU
		{2D608A6D-DC6E-47B8-A38E-3B56AD19B753}.Debug|x86.ActiveCfg = Debug|Any CPU
		{2D608A6D-DC6E-47B8-A38E-3B56AD19B753}.Debug|x86.Build.0 = Debug|Any CPU
		{2D608A6D-DC6E-47B8-A38E-3B56AD19B753}.Release|Any CPU.ActiveCfg = Release|Any CPU
		{2D608A6D-DC6E-47B8-A38E-3B56AD19B753}.Release|Any CPU.Build.0 = Release|Any CPU
		{2D608A6D-DC6E-47B8-A38E-3B56AD19B753}.Release|x64.ActiveCfg = Release|Any CPU
		{2D608A6D-DC6E-47B8-A38E-3B56AD19B753}.Release|x64.Build.0 = Release|Any CPU
		{2D608A6D-DC6E-47B8-A38E-3B56AD19B753}.Release|x86.ActiveCfg = Release|Any CPU
		{2D608A6D-DC6E-47B8-A38E-3B56AD19B753}.Release|x86.Build.0 = Release|Any CPU
		{C2535711-D02B-4AF4-95E6-9B8B131213BC}.Debug|Any CPU.ActiveCfg = Debug|Any CPU
		{C2535711-D02B-4AF4-95E6-9B8B131213BC}.Debug|Any CPU.Build.0 = Debug|Any CPU
		{C2535711-D02B-4AF4-95E6-9B8B131213BC}.Debug|x64.ActiveCfg = Debug|Any CPU
		{C2535711-D02B-4AF4-95E6-9B8B131213BC}.Debug|x64.Build.0 = Debug|Any CPU
		{C2535711-D02B-4AF4-95E6-9B8B131213BC}.Debug|x86.ActiveCfg = Debug|Any CPU
		{C2535711-D02B-4AF4-95E6-9B8B131213BC}.Debug|x86.Build.0 = Debug|Any CPU
		{C2535711-D02B-4AF4-95E6-9B8B131213BC}.Release|Any CPU.ActiveCfg = Release|Any CPU
		{C2535711-D02B-4AF4-95E6-9B8B131213BC}.Release|Any CPU.Build.0 = Release|Any CPU
		{C2535711-D02B-4AF4-95E6-9B8B131213BC}.Release|x64.ActiveCfg = Release|Any CPU
		{C2535711-D02B-4AF4-95E6-9B8B131213BC}.Release|x64.Build.0 = Release|Any CPU
		{C2535711-D02B-4AF4-95E6-9B8B131213BC}.Release|x86.ActiveCfg = Release|Any CPU
		{C2535711-D02B-4AF4-95E6-9B8B131213BC}.Release|x86.Build.0 = Release|Any CPU
		{A19F2F64-9919-4DF2-A265-C492C1616173}.Debug|Any CPU.ActiveCfg = Debug|Any CPU
		{A19F2F64-9919-4DF2-A265-C492C1616173}.Debug|Any CPU.Build.0 = Debug|Any CPU
		{A19F2F64-9919-4DF2-A265-C492C1616173}.Debug|x64.ActiveCfg = Debug|Any CPU
		{A19F2F64-9919-4DF2-A265-C492C1616173}.Debug|x64.Build.0 = Debug|Any CPU
		{A19F2F64-9919-4DF2-A265-C492C1616173}.Debug|x86.ActiveCfg = Debug|Any CPU
		{A19F2F64-9919-4DF2-A265-C492C1616173}.Debug|x86.Build.0 = Debug|Any CPU
		{A19F2F64-9919-4DF2-A265-C492C1616173}.Release|Any CPU.ActiveCfg = Release|Any CPU
		{A19F2F64-9919-4DF2-A265-C492C1616173}.Release|Any CPU.Build.0 = Release|Any CPU
		{A19F2F64-9919-4DF2-A265-C492C1616173}.Release|x64.ActiveCfg = Release|Any CPU
		{A19F2F64-9919-4DF2-A265-C492C1616173}.Release|x64.Build.0 = Release|Any CPU
		{A19F2F64-9919-4DF2-A265-C492C1616173}.Release|x86.ActiveCfg = Release|Any CPU
		{A19F2F64-9919-4DF2-A265-C492C1616173}.Release|x86.Build.0 = Release|Any CPU
	EndGlobalSection
	GlobalSection(SolutionProperties) = preSolution
		HideSolutionNode = FALSE
	EndGlobalSection
	GlobalSection(ExtensibilityGlobals) = postSolution
		SolutionGuid = {EF8043FE-91A1-45AB-96C3-5CC798FF1EF3}
	EndGlobalSection
EndGlobal
